
Microsoft Visual Studio Solution File, Format Version 12.00
# Visual Studio Version 17
VisualStudioVersion = 17.10.35122.118
MinimumVisualStudioVersion = 10.0.40219.1
Project("{FAE04EC0-301F-11D3-BF4B-00C04F79EFBC}") = "RGZUprav", "RGZUprav\RGZUprav.csproj", "{2C5927D2-3CFD-4D35-BADB-234CCB267FC1}"
EndProject
Global
	GlobalSection(SolutionConfigurationPlatforms) = preSolution
		Debug|Any CPU = Debug|Any CPU
		Release|Any CPU = Release|Any CPU
	EndGlobalSection
	GlobalSection(ProjectConfigurationPlatforms) = postSolution
		{2C5927D2-3CFD-4D35-BADB-234CCB267FC1}.Debug|Any CPU.ActiveCfg = Debug|Any CPU
		{2C5927D2-3CFD-4D35-BADB-234CCB267FC1}.Debug|Any CPU.Build.0 = Debug|Any CPU
		{2C5927D2-3CFD-4D35-BADB-234CCB267FC1}.Release|Any CPU.ActiveCfg = Release|Any CPU
		{2C5927D2-3CFD-4D35-BADB-234CCB267FC1}.Release|Any CPU.Build.0 = Release|Any CPU
	EndGlobalSection
	GlobalSection(SolutionProperties) = preSolution
		HideSolutionNode = FALSE
	EndGlobalSection
	GlobalSection(ExtensibilityGlobals) = postSolution
		SolutionGuid = {B2BEE15F-8C11-41B3-A155-65833E14E488}
	EndGlobalSection
EndGlobal
